// !$*UTF8*$!
{
	archiveVersion = 1;
	classes = {
	};
	objectVersion = 46;
	objects = {

/* Begin PBXBuildFile section */
		4A4EABED1E4C4E6A005BA0B6 /* Main.storyboard in Resources */ = {isa = PBXBuildFile; fileRef = 4A4EABEB1E4C4E6A005BA0B6 /* Main.storyboard */; };
		4A4EABEF1E4C4E6A005BA0B6 /* Assets.xcassets in Resources */ = {isa = PBXBuildFile; fileRef = 4A4EABEE1E4C4E6A005BA0B6 /* Assets.xcassets */; };
		4A4EABF21E4C4E6A005BA0B6 /* LaunchScreen.storyboard in Resources */ = {isa = PBXBuildFile; fileRef = 4A4EABF01E4C4E6A005BA0B6 /* LaunchScreen.storyboard */; };
		4A4EABFD1E4C4E6A005BA0B6 /* DecorateManagerTests.swift in Sources */ = {isa = PBXBuildFile; fileRef = 4A4EABFC1E4C4E6A005BA0B6 /* DecorateManagerTests.swift */; };
		4A4EAC081E4C4E6A005BA0B6 /* DecorateManagerUITests.swift in Sources */ = {isa = PBXBuildFile; fileRef = 4A4EAC071E4C4E6A005BA0B6 /* DecorateManagerUITests.swift */; };
		4A4EAC5D1E4C7405005BA0B6 /* AppDelegate.swift in Sources */ = {isa = PBXBuildFile; fileRef = 4A4EAC451E4C7405005BA0B6 /* AppDelegate.swift */; };
		4A4EAC5E1E4C7405005BA0B6 /* FindCompanyViewController.swift in Sources */ = {isa = PBXBuildFile; fileRef = 4A4EAC481E4C7405005BA0B6 /* FindCompanyViewController.swift */; };
		4A4EAC5F1E4C7405005BA0B6 /* ImageLibraryViewController.swift in Sources */ = {isa = PBXBuildFile; fileRef = 4A4EAC4D1E4C7405005BA0B6 /* ImageLibraryViewController.swift */; };
		4A4EAC601E4C7405005BA0B6 /* MainViewController.swift in Sources */ = {isa = PBXBuildFile; fileRef = 4A4EAC521E4C7405005BA0B6 /* MainViewController.swift */; };
		4A4EAC611E4C7405005BA0B6 /* MineViewController.swift in Sources */ = {isa = PBXBuildFile; fileRef = 4A4EAC571E4C7405005BA0B6 /* MineViewController.swift */; };
		4A4EAC631E4C742B005BA0B6 /* HYTabBarController.swift in Sources */ = {isa = PBXBuildFile; fileRef = 4A4EAC621E4C742B005BA0B6 /* HYTabBarController.swift */; };
		4A4EAC651E4C7440005BA0B6 /* HYNavigationBarController.swift in Sources */ = {isa = PBXBuildFile; fileRef = 4A4EAC641E4C7440005BA0B6 /* HYNavigationBarController.swift */; };
		BB6778701E4C712400B09737 /* Default-568h@2x.png in Resources */ = {isa = PBXBuildFile; fileRef = BB67786E1E4C712400B09737 /* Default-568h@2x.png */; };
		BB6778711E4C712400B09737 /* Default@2x.png in Resources */ = {isa = PBXBuildFile; fileRef = BB67786F1E4C712400B09737 /* Default@2x.png */; };
		BBB6438A1E4C6BF300A1EB1A /* images.xcassets in Resources */ = {isa = PBXBuildFile; fileRef = BBB643891E4C6BF300A1EB1A /* images.xcassets */; };
		F55831F343EFAB6121F46EA8 /* Pods_DecorateManager.framework in Frameworks */ = {isa = PBXBuildFile; fileRef = 501239243298F53B83F8D905 /* Pods_DecorateManager.framework */; };
/* End PBXBuildFile section */

/* Begin PBXContainerItemProxy section */
		4A4EABF91E4C4E6A005BA0B6 /* PBXContainerItemProxy */ = {
			isa = PBXContainerItemProxy;
			containerPortal = 4A4EABDC1E4C4E6A005BA0B6 /* Project object */;
			proxyType = 1;
			remoteGlobalIDString = 4A4EABE31E4C4E6A005BA0B6;
			remoteInfo = DecorateManager;
		};
		4A4EAC041E4C4E6A005BA0B6 /* PBXContainerItemProxy */ = {
			isa = PBXContainerItemProxy;
			containerPortal = 4A4EABDC1E4C4E6A005BA0B6 /* Project object */;
			proxyType = 1;
			remoteGlobalIDString = 4A4EABE31E4C4E6A005BA0B6;
			remoteInfo = DecorateManager;
		};
/* End PBXContainerItemProxy section */

/* Begin PBXFileReference section */
		4A4EABE41E4C4E6A005BA0B6 /* DecorateManager.app */ = {isa = PBXFileReference; explicitFileType = wrapper.application; includeInIndex = 0; path = DecorateManager.app; sourceTree = BUILT_PRODUCTS_DIR; };
		4A4EABEC1E4C4E6A005BA0B6 /* Base */ = {isa = PBXFileReference; lastKnownFileType = file.storyboard; name = Base; path = Base.lproj/Main.storyboard; sourceTree = "<group>"; };
		4A4EABEE1E4C4E6A005BA0B6 /* Assets.xcassets */ = {isa = PBXFileReference; lastKnownFileType = folder.assetcatalog; path = Assets.xcassets; sourceTree = "<group>"; };
		4A4EABF11E4C4E6A005BA0B6 /* Base */ = {isa = PBXFileReference; lastKnownFileType = file.storyboard; name = Base; path = Base.lproj/LaunchScreen.storyboard; sourceTree = "<group>"; };
		4A4EABF31E4C4E6A005BA0B6 /* Info.plist */ = {isa = PBXFileReference; lastKnownFileType = text.plist.xml; path = Info.plist; sourceTree = "<group>"; };
		4A4EABF81E4C4E6A005BA0B6 /* DecorateManagerTests.xctest */ = {isa = PBXFileReference; explicitFileType = wrapper.cfbundle; includeInIndex = 0; path = DecorateManagerTests.xctest; sourceTree = BUILT_PRODUCTS_DIR; };
		4A4EABFC1E4C4E6A005BA0B6 /* DecorateManagerTests.swift */ = {isa = PBXFileReference; lastKnownFileType = sourcecode.swift; path = DecorateManagerTests.swift; sourceTree = "<group>"; };
		4A4EABFE1E4C4E6A005BA0B6 /* Info.plist */ = {isa = PBXFileReference; lastKnownFileType = text.plist.xml; path = Info.plist; sourceTree = "<group>"; };
		4A4EAC031E4C4E6A005BA0B6 /* DecorateManagerUITests.xctest */ = {isa = PBXFileReference; explicitFileType = wrapper.cfbundle; includeInIndex = 0; path = DecorateManagerUITests.xctest; sourceTree = BUILT_PRODUCTS_DIR; };
		4A4EAC071E4C4E6A005BA0B6 /* DecorateManagerUITests.swift */ = {isa = PBXFileReference; lastKnownFileType = sourcecode.swift; path = DecorateManagerUITests.swift; sourceTree = "<group>"; };
		4A4EAC091E4C4E6A005BA0B6 /* Info.plist */ = {isa = PBXFileReference; lastKnownFileType = text.plist.xml; path = Info.plist; sourceTree = "<group>"; };
		4A4EAC451E4C7405005BA0B6 /* AppDelegate.swift */ = {isa = PBXFileReference; fileEncoding = 4; lastKnownFileType = sourcecode.swift; path = AppDelegate.swift; sourceTree = "<group>"; };
		4A4EAC481E4C7405005BA0B6 /* FindCompanyViewController.swift */ = {isa = PBXFileReference; fileEncoding = 4; lastKnownFileType = sourcecode.swift; path = FindCompanyViewController.swift; sourceTree = "<group>"; };
		4A4EAC4D1E4C7405005BA0B6 /* ImageLibraryViewController.swift */ = {isa = PBXFileReference; fileEncoding = 4; lastKnownFileType = sourcecode.swift; path = ImageLibraryViewController.swift; sourceTree = "<group>"; };
		4A4EAC521E4C7405005BA0B6 /* MainViewController.swift */ = {isa = PBXFileReference; fileEncoding = 4; lastKnownFileType = sourcecode.swift; path = MainViewController.swift; sourceTree = "<group>"; };
		4A4EAC571E4C7405005BA0B6 /* MineViewController.swift */ = {isa = PBXFileReference; fileEncoding = 4; lastKnownFileType = sourcecode.swift; path = MineViewController.swift; sourceTree = "<group>"; };
		4A4EAC621E4C742B005BA0B6 /* HYTabBarController.swift */ = {isa = PBXFileReference; fileEncoding = 4; lastKnownFileType = sourcecode.swift; path = HYTabBarController.swift; sourceTree = "<group>"; };
		4A4EAC641E4C7440005BA0B6 /* HYNavigationBarController.swift */ = {isa = PBXFileReference; fileEncoding = 4; lastKnownFileType = sourcecode.swift; path = HYNavigationBarController.swift; sourceTree = "<group>"; };
		501239243298F53B83F8D905 /* Pods_DecorateManager.framework */ = {isa = PBXFileReference; explicitFileType = wrapper.framework; includeInIndex = 0; path = Pods_DecorateManager.framework; sourceTree = BUILT_PRODUCTS_DIR; };
		BB67786E1E4C712400B09737 /* Default-568h@2x.png */ = {isa = PBXFileReference; lastKnownFileType = image.png; path = "Default-568h@2x.png"; sourceTree = "<group>"; };
		BB67786F1E4C712400B09737 /* Default@2x.png */ = {isa = PBXFileReference; lastKnownFileType = image.png; path = "Default@2x.png"; sourceTree = "<group>"; };
		BBB643891E4C6BF300A1EB1A /* images.xcassets */ = {isa = PBXFileReference; lastKnownFileType = folder.assetcatalog; path = images.xcassets; sourceTree = "<group>"; };
		D3650F22067B294FC84A449E /* Pods-DecorateManager.debug.xcconfig */ = {isa = PBXFileReference; includeInIndex = 1; lastKnownFileType = text.xcconfig; name = "Pods-DecorateManager.debug.xcconfig"; path = "Pods/Target Support Files/Pods-DecorateManager/Pods-DecorateManager.debug.xcconfig"; sourceTree = "<group>"; };
		DD736F19F9E7C865D85E0B31 /* Pods-DecorateManager.release.xcconfig */ = {isa = PBXFileReference; includeInIndex = 1; lastKnownFileType = text.xcconfig; name = "Pods-DecorateManager.release.xcconfig"; path = "Pods/Target Support Files/Pods-DecorateManager/Pods-DecorateManager.release.xcconfig"; sourceTree = "<group>"; };
/* End PBXFileReference section */

/* Begin PBXFrameworksBuildPhase section */
		4A4EABE11E4C4E6A005BA0B6 /* Frameworks */ = {
			isa = PBXFrameworksBuildPhase;
			buildActionMask = 2147483647;
			files = (
				F55831F343EFAB6121F46EA8 /* Pods_DecorateManager.framework in Frameworks */,
			);
			runOnlyForDeploymentPostprocessing = 0;
		};
		4A4EABF51E4C4E6A005BA0B6 /* Frameworks */ = {
			isa = PBXFrameworksBuildPhase;
			buildActionMask = 2147483647;
			files = (
			);
			runOnlyForDeploymentPostprocessing = 0;
		};
		4A4EAC001E4C4E6A005BA0B6 /* Frameworks */ = {
			isa = PBXFrameworksBuildPhase;
			buildActionMask = 2147483647;
			files = (
			);
			runOnlyForDeploymentPostprocessing = 0;
		};
/* End PBXFrameworksBuildPhase section */

/* Begin PBXGroup section */
		3D207D146D4DF4252C64A355 /* Pods */ = {
			isa = PBXGroup;
			children = (
				D3650F22067B294FC84A449E /* Pods-DecorateManager.debug.xcconfig */,
				DD736F19F9E7C865D85E0B31 /* Pods-DecorateManager.release.xcconfig */,
			);
			name = Pods;
			sourceTree = "<group>";
		};
		4A4EABDB1E4C4E6A005BA0B6 = {
			isa = PBXGroup;
			children = (
				4A4EABE61E4C4E6A005BA0B6 /* DecorateManager */,
				4A4EABFB1E4C4E6A005BA0B6 /* DecorateManagerTests */,
				4A4EAC061E4C4E6A005BA0B6 /* DecorateManagerUITests */,
				4A4EABE51E4C4E6A005BA0B6 /* Products */,
				3D207D146D4DF4252C64A355 /* Pods */,
				8EE9041641FB7D6647DF6D4E /* Frameworks */,
			);
			sourceTree = "<group>";
		};
		4A4EABE51E4C4E6A005BA0B6 /* Products */ = {
			isa = PBXGroup;
			children = (
				4A4EABE41E4C4E6A005BA0B6 /* DecorateManager.app */,
				4A4EABF81E4C4E6A005BA0B6 /* DecorateManagerTests.xctest */,
				4A4EAC031E4C4E6A005BA0B6 /* DecorateManagerUITests.xctest */,
			);
			name = Products;
			sourceTree = "<group>";
		};
		4A4EABE61E4C4E6A005BA0B6 /* DecorateManager */ = {
			isa = PBXGroup;
			children = (
				4A4EAC431E4C7405005BA0B6 /* Classes */,
				4A4EABEB1E4C4E6A005BA0B6 /* Main.storyboard */,
				4A4EABEE1E4C4E6A005BA0B6 /* Assets.xcassets */,
				BBB643891E4C6BF300A1EB1A /* images.xcassets */,
				BB67786E1E4C712400B09737 /* Default-568h@2x.png */,
				BB67786F1E4C712400B09737 /* Default@2x.png */,
				4A4EABF01E4C4E6A005BA0B6 /* LaunchScreen.storyboard */,
				4A4EABF31E4C4E6A005BA0B6 /* Info.plist */,
			);
			path = DecorateManager;
			sourceTree = "<group>";
		};
		4A4EABFB1E4C4E6A005BA0B6 /* DecorateManagerTests */ = {
			isa = PBXGroup;
			children = (
				4A4EABFC1E4C4E6A005BA0B6 /* DecorateManagerTests.swift */,
				4A4EABFE1E4C4E6A005BA0B6 /* Info.plist */,
			);
			path = DecorateManagerTests;
			sourceTree = "<group>";
		};
		4A4EAC061E4C4E6A005BA0B6 /* DecorateManagerUITests */ = {
			isa = PBXGroup;
			children = (
				4A4EAC071E4C4E6A005BA0B6 /* DecorateManagerUITests.swift */,
				4A4EAC091E4C4E6A005BA0B6 /* Info.plist */,
			);
			path = DecorateManagerUITests;
			sourceTree = "<group>";
		};
		4A4EAC431E4C7405005BA0B6 /* Classes */ = {
			isa = PBXGroup;
			children = (
				4A4EAC441E4C7405005BA0B6 /* Entrance */,
				4A4EAC461E4C7405005BA0B6 /* FindCompny */,
				4A4EAC4B1E4C7405005BA0B6 /* ImageLibrary */,
				4A4EAC501E4C7405005BA0B6 /* Main */,
				4A4EAC551E4C7405005BA0B6 /* Mine */,
				4A4EAC5A1E4C7405005BA0B6 /* Other */,
				4A4EAC5B1E4C7405005BA0B6 /* Request */,
				4A4EAC5C1E4C7405005BA0B6 /* Tools */,
			);
			path = Classes;
			sourceTree = "<group>";
		};
		4A4EAC441E4C7405005BA0B6 /* Entrance */ = {
			isa = PBXGroup;
			children = (
				4A4EAC451E4C7405005BA0B6 /* AppDelegate.swift */,
			);
			path = Entrance;
			sourceTree = "<group>";
		};
		4A4EAC461E4C7405005BA0B6 /* FindCompny */ = {
			isa = PBXGroup;
			children = (
				4A4EAC471E4C7405005BA0B6 /* Controller */,
				4A4EAC491E4C7405005BA0B6 /* Model */,
				4A4EAC4A1E4C7405005BA0B6 /* View */,
			);
			path = FindCompny;
			sourceTree = "<group>";
		};
		4A4EAC471E4C7405005BA0B6 /* Controller */ = {
			isa = PBXGroup;
			children = (
				4A4EAC481E4C7405005BA0B6 /* FindCompanyViewController.swift */,
			);
			path = Controller;
			sourceTree = "<group>";
		};
		4A4EAC491E4C7405005BA0B6 /* Model */ = {
			isa = PBXGroup;
			children = (
			);
			path = Model;
			sourceTree = "<group>";
		};
		4A4EAC4A1E4C7405005BA0B6 /* View */ = {
			isa = PBXGroup;
			children = (
			);
			path = View;
			sourceTree = "<group>";
		};
		4A4EAC4B1E4C7405005BA0B6 /* ImageLibrary */ = {
			isa = PBXGroup;
			children = (
				4A4EAC4C1E4C7405005BA0B6 /* Controller */,
				4A4EAC4E1E4C7405005BA0B6 /* Model */,
				4A4EAC4F1E4C7405005BA0B6 /* View */,
			);
			path = ImageLibrary;
			sourceTree = "<group>";
		};
		4A4EAC4C1E4C7405005BA0B6 /* Controller */ = {
			isa = PBXGroup;
			children = (
				4A4EAC4D1E4C7405005BA0B6 /* ImageLibraryViewController.swift */,
			);
			path = Controller;
			sourceTree = "<group>";
		};
		4A4EAC4E1E4C7405005BA0B6 /* Model */ = {
			isa = PBXGroup;
			children = (
			);
			path = Model;
			sourceTree = "<group>";
		};
		4A4EAC4F1E4C7405005BA0B6 /* View */ = {
			isa = PBXGroup;
			children = (
			);
			path = View;
			sourceTree = "<group>";
		};
		4A4EAC501E4C7405005BA0B6 /* Main */ = {
			isa = PBXGroup;
			children = (
				4A4EAC511E4C7405005BA0B6 /* Controller */,
				4A4EAC531E4C7405005BA0B6 /* Model */,
				4A4EAC541E4C7405005BA0B6 /* View */,
			);
			path = Main;
			sourceTree = "<group>";
		};
		4A4EAC511E4C7405005BA0B6 /* Controller */ = {
			isa = PBXGroup;
			children = (
				4A4EAC521E4C7405005BA0B6 /* MainViewController.swift */,
			);
			path = Controller;
			sourceTree = "<group>";
		};
		4A4EAC531E4C7405005BA0B6 /* Model */ = {
			isa = PBXGroup;
			children = (
			);
			path = Model;
			sourceTree = "<group>";
		};
		4A4EAC541E4C7405005BA0B6 /* View */ = {
			isa = PBXGroup;
			children = (
			);
			path = View;
			sourceTree = "<group>";
		};
		4A4EAC551E4C7405005BA0B6 /* Mine */ = {
			isa = PBXGroup;
			children = (
				4A4EAC561E4C7405005BA0B6 /* Controller */,
				4A4EAC581E4C7405005BA0B6 /* Model */,
				4A4EAC591E4C7405005BA0B6 /* View */,
			);
			path = Mine;
			sourceTree = "<group>";
		};
		4A4EAC561E4C7405005BA0B6 /* Controller */ = {
			isa = PBXGroup;
			children = (
				4A4EAC571E4C7405005BA0B6 /* MineViewController.swift */,
			);
			path = Controller;
			sourceTree = "<group>";
		};
		4A4EAC581E4C7405005BA0B6 /* Model */ = {
			isa = PBXGroup;
			children = (
			);
			path = Model;
			sourceTree = "<group>";
		};
		4A4EAC591E4C7405005BA0B6 /* View */ = {
			isa = PBXGroup;
			children = (
			);
			path = View;
			sourceTree = "<group>";
		};
		4A4EAC5A1E4C7405005BA0B6 /* Other */ = {
			isa = PBXGroup;
			children = (
				4A4EAC621E4C742B005BA0B6 /* HYTabBarController.swift */,
				4A4EAC641E4C7440005BA0B6 /* HYNavigationBarController.swift */,
			);
			path = Other;
			sourceTree = "<group>";
		};
		4A4EAC5B1E4C7405005BA0B6 /* Request */ = {
			isa = PBXGroup;
			children = (
			);
			path = Request;
			sourceTree = "<group>";
		};
		4A4EAC5C1E4C7405005BA0B6 /* Tools */ = {
			isa = PBXGroup;
			children = (
			);
			path = Tools;
			sourceTree = "<group>";
		};
		8EE9041641FB7D6647DF6D4E /* Frameworks */ = {
			isa = PBXGroup;
			children = (
				501239243298F53B83F8D905 /* Pods_DecorateManager.framework */,
			);
			name = Frameworks;
			sourceTree = "<group>";
		};
/* End PBXGroup section */

/* Begin PBXNativeTarget section */
		4A4EABE31E4C4E6A005BA0B6 /* DecorateManager */ = {
			isa = PBXNativeTarget;
			buildConfigurationList = 4A4EAC0C1E4C4E6A005BA0B6 /* Build configuration list for PBXNativeTarget "DecorateManager" */;
			buildPhases = (
				E747353825CF8978557134CB /* [CP] Check Pods Manifest.lock */,
				4A4EABE01E4C4E6A005BA0B6 /* Sources */,
				4A4EABE11E4C4E6A005BA0B6 /* Frameworks */,
				4A4EABE21E4C4E6A005BA0B6 /* Resources */,
				93799B55558878D547F84608 /* [CP] Embed Pods Frameworks */,
				5CFF6CFCE4BBDF38D42E0198 /* [CP] Copy Pods Resources */,
			);
			buildRules = (
			);
			dependencies = (
			);
			name = DecorateManager;
			productName = DecorateManager;
			productReference = 4A4EABE41E4C4E6A005BA0B6 /* DecorateManager.app */;
			productType = "com.apple.product-type.application";
		};
		4A4EABF71E4C4E6A005BA0B6 /* DecorateManagerTests */ = {
			isa = PBXNativeTarget;
			buildConfigurationList = 4A4EAC0F1E4C4E6A005BA0B6 /* Build configuration list for PBXNativeTarget "DecorateManagerTests" */;
			buildPhases = (
				4A4EABF41E4C4E6A005BA0B6 /* Sources */,
				4A4EABF51E4C4E6A005BA0B6 /* Frameworks */,
				4A4EABF61E4C4E6A005BA0B6 /* Resources */,
			);
			buildRules = (
			);
			dependencies = (
				4A4EABFA1E4C4E6A005BA0B6 /* PBXTargetDependency */,
			);
			name = DecorateManagerTests;
			productName = DecorateManagerTests;
			productReference = 4A4EABF81E4C4E6A005BA0B6 /* DecorateManagerTests.xctest */;
			productType = "com.apple.product-type.bundle.unit-test";
		};
		4A4EAC021E4C4E6A005BA0B6 /* DecorateManagerUITests */ = {
			isa = PBXNativeTarget;
			buildConfigurationList = 4A4EAC121E4C4E6A005BA0B6 /* Build configuration list for PBXNativeTarget "DecorateManagerUITests" */;
			buildPhases = (
				4A4EABFF1E4C4E6A005BA0B6 /* Sources */,
				4A4EAC001E4C4E6A005BA0B6 /* Frameworks */,
				4A4EAC011E4C4E6A005BA0B6 /* Resources */,
			);
			buildRules = (
			);
			dependencies = (
				4A4EAC051E4C4E6A005BA0B6 /* PBXTargetDependency */,
			);
			name = DecorateManagerUITests;
			productName = DecorateManagerUITests;
			productReference = 4A4EAC031E4C4E6A005BA0B6 /* DecorateManagerUITests.xctest */;
			productType = "com.apple.product-type.bundle.ui-testing";
		};
/* End PBXNativeTarget section */

/* Begin PBXProject section */
		4A4EABDC1E4C4E6A005BA0B6 /* Project object */ = {
			isa = PBXProject;
			attributes = {
				LastSwiftUpdateCheck = 0820;
				LastUpgradeCheck = 0820;
				ORGANIZATIONNAME = Harry;
				TargetAttributes = {
					4A4EABE31E4C4E6A005BA0B6 = {
						CreatedOnToolsVersion = 8.2.1;
						DevelopmentTeam = Z9UD67WPFX;
						ProvisioningStyle = Automatic;
					};
					4A4EABF71E4C4E6A005BA0B6 = {
						CreatedOnToolsVersion = 8.2.1;
						DevelopmentTeam = Z9UD67WPFX;
						ProvisioningStyle = Automatic;
						TestTargetID = 4A4EABE31E4C4E6A005BA0B6;
					};
					4A4EAC021E4C4E6A005BA0B6 = {
						CreatedOnToolsVersion = 8.2.1;
						DevelopmentTeam = Z9UD67WPFX;
						ProvisioningStyle = Automatic;
						TestTargetID = 4A4EABE31E4C4E6A005BA0B6;
					};
				};
			};
			buildConfigurationList = 4A4EABDF1E4C4E6A005BA0B6 /* Build configuration list for PBXProject "DecorateManager" */;
			compatibilityVersion = "Xcode 3.2";
			developmentRegion = English;
			hasScannedForEncodings = 0;
			knownRegions = (
				en,
				Base,
			);
			mainGroup = 4A4EABDB1E4C4E6A005BA0B6;
			productRefGroup = 4A4EABE51E4C4E6A005BA0B6 /* Products */;
			projectDirPath = "";
			projectRoot = "";
			targets = (
				4A4EABE31E4C4E6A005BA0B6 /* DecorateManager */,
				4A4EABF71E4C4E6A005BA0B6 /* DecorateManagerTests */,
				4A4EAC021E4C4E6A005BA0B6 /* DecorateManagerUITests */,
			);
		};
/* End PBXProject section */

/* Begin PBXResourcesBuildPhase section */
		4A4EABE21E4C4E6A005BA0B6 /* Resources */ = {
			isa = PBXResourcesBuildPhase;
			buildActionMask = 2147483647;
			files = (
				BB6778711E4C712400B09737 /* Default@2x.png in Resources */,
				4A4EABF21E4C4E6A005BA0B6 /* LaunchScreen.storyboard in Resources */,
				BBB6438A1E4C6BF300A1EB1A /* images.xcassets in Resources */,
				4A4EABEF1E4C4E6A005BA0B6 /* Assets.xcassets in Resources */,
				BB6778701E4C712400B09737 /* Default-568h@2x.png in Resources */,
				4A4EABED1E4C4E6A005BA0B6 /* Main.storyboard in Resources */,
			);
			runOnlyForDeploymentPostprocessing = 0;
		};
		4A4EABF61E4C4E6A005BA0B6 /* Resources */ = {
			isa = PBXResourcesBuildPhase;
			buildActionMask = 2147483647;
			files = (
			);
			runOnlyForDeploymentPostprocessing = 0;
		};
		4A4EAC011E4C4E6A005BA0B6 /* Resources */ = {
			isa = PBXResourcesBuildPhase;
			buildActionMask = 2147483647;
			files = (
			);
			runOnlyForDeploymentPostprocessing = 0;
		};
/* End PBXResourcesBuildPhase section */

/* Begin PBXShellScriptBuildPhase section */
		5CFF6CFCE4BBDF38D42E0198 /* [CP] Copy Pods Resources */ = {
			isa = PBXShellScriptBuildPhase;
			buildActionMask = 2147483647;
			files = (
			);
			inputPaths = (
			);
			name = "[CP] Copy Pods Resources";
			outputPaths = (
			);
			runOnlyForDeploymentPostprocessing = 0;
			shellPath = /bin/sh;
			shellScript = "\"${SRCROOT}/Pods/Target Support Files/Pods-DecorateManager/Pods-DecorateManager-resources.sh\"\n";
			showEnvVarsInLog = 0;
		};
		93799B55558878D547F84608 /* [CP] Embed Pods Frameworks */ = {
			isa = PBXShellScriptBuildPhase;
			buildActionMask = 2147483647;
			files = (
			);
			inputPaths = (
			);
			name = "[CP] Embed Pods Frameworks";
			outputPaths = (
			);
			runOnlyForDeploymentPostprocessing = 0;
			shellPath = /bin/sh;
			shellScript = "\"${SRCROOT}/Pods/Target Support Files/Pods-DecorateManager/Pods-DecorateManager-frameworks.sh\"\n";
			showEnvVarsInLog = 0;
		};
		E747353825CF8978557134CB /* [CP] Check Pods Manifest.lock */ = {
			isa = PBXShellScriptBuildPhase;
			buildActionMask = 2147483647;
			files = (
			);
			inputPaths = (
			);
			name = "[CP] Check Pods Manifest.lock";
			outputPaths = (
			);
			runOnlyForDeploymentPostprocessing = 0;
			shellPath = /bin/sh;
			shellScript = "diff \"${PODS_ROOT}/../Podfile.lock\" \"${PODS_ROOT}/Manifest.lock\" > /dev/null\nif [ $? != 0 ] ; then\n    # print error to STDERR\n    echo \"error: The sandbox is not in sync with the Podfile.lock. Run 'pod install' or update your CocoaPods installation.\" >&2\n    exit 1\nfi\n";
			showEnvVarsInLog = 0;
		};
/* End PBXShellScriptBuildPhase section */

/* Begin PBXSourcesBuildPhase section */
		4A4EABE01E4C4E6A005BA0B6 /* Sources */ = {
			isa = PBXSourcesBuildPhase;
			buildActionMask = 2147483647;
			files = (
				4A4EAC5F1E4C7405005BA0B6 /* ImageLibraryViewController.swift in Sources */,
				4A4EAC5D1E4C7405005BA0B6 /* AppDelegate.swift in Sources */,
				4A4EAC631E4C742B005BA0B6 /* HYTabBarController.swift in Sources */,
				4A4EAC5E1E4C7405005BA0B6 /* FindCompanyViewController.swift in Sources */,
				4A4EAC651E4C7440005BA0B6 /* HYNavigationBarController.swift in Sources */,
				4A4EAC601E4C7405005BA0B6 /* MainViewController.swift in Sources */,
				4A4EAC611E4C7405005BA0B6 /* MineViewController.swift in Sources */,
			);
			runOnlyForDeploymentPostprocessing = 0;
		};
		4A4EABF41E4C4E6A005BA0B6 /* Sources */ = {
			isa = PBXSourcesBuildPhase;
			buildActionMask = 2147483647;
			files = (
				4A4EABFD1E4C4E6A005BA0B6 /* DecorateManagerTests.swift in Sources */,
			);
			runOnlyForDeploymentPostprocessing = 0;
		};
		4A4EABFF1E4C4E6A005BA0B6 /* Sources */ = {
			isa = PBXSourcesBuildPhase;
			buildActionMask = 2147483647;
			files = (
				4A4EAC081E4C4E6A005BA0B6 /* DecorateManagerUITests.swift in Sources */,
			);
			runOnlyForDeploymentPostprocessing = 0;
		};
/* End PBXSourcesBuildPhase section */

/* Begin PBXTargetDependency section */
		4A4EABFA1E4C4E6A005BA0B6 /* PBXTargetDependency */ = {
			isa = PBXTargetDependency;
			target = 4A4EABE31E4C4E6A005BA0B6 /* DecorateManager */;
			targetProxy = 4A4EABF91E4C4E6A005BA0B6 /* PBXContainerItemProxy */;
		};
		4A4EAC051E4C4E6A005BA0B6 /* PBXTargetDependency */ = {
			isa = PBXTargetDependency;
			target = 4A4EABE31E4C4E6A005BA0B6 /* DecorateManager */;
			targetProxy = 4A4EAC041E4C4E6A005BA0B6 /* PBXContainerItemProxy */;
		};
/* End PBXTargetDependency section */

/* Begin PBXVariantGroup section */
		4A4EABEB1E4C4E6A005BA0B6 /* Main.storyboard */ = {
			isa = PBXVariantGroup;
			children = (
				4A4EABEC1E4C4E6A005BA0B6 /* Base */,
			);
			name = Main.storyboard;
			sourceTree = "<group>";
		};
		4A4EABF01E4C4E6A005BA0B6 /* LaunchScreen.storyboard */ = {
			isa = PBXVariantGroup;
			children = (
				4A4EABF11E4C4E6A005BA0B6 /* Base */,
			);
			name = LaunchScreen.storyboard;
			sourceTree = "<group>";
		};
/* End PBXVariantGroup section */

/* Begin XCBuildConfiguration section */
		4A4EAC0A1E4C4E6A005BA0B6 /* Debug */ = {
			isa = XCBuildConfiguration;
			buildSettings = {
				ALWAYS_SEARCH_USER_PATHS = NO;
				CLANG_ANALYZER_NONNULL = YES;
				CLANG_CXX_LANGUAGE_STANDARD = "gnu++0x";
				CLANG_CXX_LIBRARY = "libc++";
				CLANG_ENABLE_MODULES = YES;
				CLANG_ENABLE_OBJC_ARC = YES;
				CLANG_WARN_BOOL_CONVERSION = YES;
				CLANG_WARN_CONSTANT_CONVERSION = YES;
				CLANG_WARN_DIRECT_OBJC_ISA_USAGE = YES_ERROR;
				CLANG_WARN_DOCUMENTATION_COMMENTS = YES;
				CLANG_WARN_EMPTY_BODY = YES;
				CLANG_WARN_ENUM_CONVERSION = YES;
				CLANG_WARN_INFINITE_RECURSION = YES;
				CLANG_WARN_INT_CONVERSION = YES;
				CLANG_WARN_OBJC_ROOT_CLASS = YES_ERROR;
				CLANG_WARN_SUSPICIOUS_MOVE = YES;
				CLANG_WARN_UNREACHABLE_CODE = YES;
				CLANG_WARN__DUPLICATE_METHOD_MATCH = YES;
				"CODE_SIGN_IDENTITY[sdk=iphoneos*]" = "iPhone Developer";
				COPY_PHASE_STRIP = NO;
				DEBUG_INFORMATION_FORMAT = dwarf;
				ENABLE_STRICT_OBJC_MSGSEND = YES;
				ENABLE_TESTABILITY = YES;
				GCC_C_LANGUAGE_STANDARD = gnu99;
				GCC_DYNAMIC_NO_PIC = NO;
				GCC_NO_COMMON_BLOCKS = YES;
				GCC_OPTIMIZATION_LEVEL = 0;
				GCC_PREPROCESSOR_DEFINITIONS = (
					"DEBUG=1",
					"$(inherited)",
				);
				GCC_WARN_64_TO_32_BIT_CONVERSION = YES;
				GCC_WARN_ABOUT_RETURN_TYPE = YES_ERROR;
				GCC_WARN_UNDECLARED_SELECTOR = YES;
				GCC_WARN_UNINITIALIZED_AUTOS = YES_AGGRESSIVE;
				GCC_WARN_UNUSED_FUNCTION = YES;
				GCC_WARN_UNUSED_VARIABLE = YES;
				IPHONEOS_DEPLOYMENT_TARGET = 10.2;
				MTL_ENABLE_DEBUG_INFO = YES;
				ONLY_ACTIVE_ARCH = YES;
				SDKROOT = iphoneos;
				SWIFT_ACTIVE_COMPILATION_CONDITIONS = DEBUG;
				SWIFT_OPTIMIZATION_LEVEL = "-Onone";
			};
			name = Debug;
		};
		4A4EAC0B1E4C4E6A005BA0B6 /* Release */ = {
			isa = XCBuildConfiguration;
			buildSettings = {
				ALWAYS_SEARCH_USER_PATHS = NO;
				CLANG_ANALYZER_NONNULL = YES;
				CLANG_CXX_LANGUAGE_STANDARD = "gnu++0x";
				CLANG_CXX_LIBRARY = "libc++";
				CLANG_ENABLE_MODULES = YES;
				CLANG_ENABLE_OBJC_ARC = YES;
				CLANG_WARN_BOOL_CONVERSION = YES;
				CLANG_WARN_CONSTANT_CONVERSION = YES;
				CLANG_WARN_DIRECT_OBJC_ISA_USAGE = YES_ERROR;
				CLANG_WARN_DOCUMENTATION_COMMENTS = YES;
				CLANG_WARN_EMPTY_BODY = YES;
				CLANG_WARN_ENUM_CONVERSION = YES;
				CLANG_WARN_INFINITE_RECURSION = YES;
				CLANG_WARN_INT_CONVERSION = YES;
				CLANG_WARN_OBJC_ROOT_CLASS = YES_ERROR;
				CLANG_WARN_SUSPICIOUS_MOVE = YES;
				CLANG_WARN_UNREACHABLE_CODE = YES;
				CLANG_WARN__DUPLICATE_METHOD_MATCH = YES;
				"CODE_SIGN_IDENTITY[sdk=iphoneos*]" = "iPhone Developer";
				COPY_PHASE_STRIP = NO;
				DEBUG_INFORMATION_FORMAT = "dwarf-with-dsym";
				ENABLE_NS_ASSERTIONS = NO;
				ENABLE_STRICT_OBJC_MSGSEND = YES;
				GCC_C_LANGUAGE_STANDARD = gnu99;
				GCC_NO_COMMON_BLOCKS = YES;
				GCC_WARN_64_TO_32_BIT_CONVERSION = YES;
				GCC_WARN_ABOUT_RETURN_TYPE = YES_ERROR;
				GCC_WARN_UNDECLARED_SELECTOR = YES;
				GCC_WARN_UNINITIALIZED_AUTOS = YES_AGGRESSIVE;
				GCC_WARN_UNUSED_FUNCTION = YES;
				GCC_WARN_UNUSED_VARIABLE = YES;
				IPHONEOS_DEPLOYMENT_TARGET = 10.2;
				MTL_ENABLE_DEBUG_INFO = NO;
				SDKROOT = iphoneos;
				SWIFT_OPTIMIZATION_LEVEL = "-Owholemodule";
				VALIDATE_PRODUCT = YES;
			};
			name = Release;
		};
		4A4EAC0D1E4C4E6A005BA0B6 /* Debug */ = {
			isa = XCBuildConfiguration;
			baseConfigurationReference = D3650F22067B294FC84A449E /* Pods-DecorateManager.debug.xcconfig */;
			buildSettings = {
				ASSETCATALOG_COMPILER_APPICON_NAME = AppIcon;
				DEVELOPMENT_TEAM = Z9UD67WPFX;
				INFOPLIST_FILE = DecorateManager/Info.plist;
				LD_RUNPATH_SEARCH_PATHS = "$(inherited) @executable_path/Frameworks";
				PRODUCT_BUNDLE_IDENTIFIER = GMJK.DecorateManager;
				PRODUCT_NAME = "$(TARGET_NAME)";
				SWIFT_VERSION = 3.0;
			};
			name = Debug;
		};
		4A4EAC0E1E4C4E6A005BA0B6 /* Release */ = {
			isa = XCBuildConfiguration;
			baseConfigurationReference = DD736F19F9E7C865D85E0B31 /* Pods-DecorateManager.release.xcconfig */;
			buildSettings = {
				ASSETCATALOG_COMPILER_APPICON_NAME = AppIcon;
				DEVELOPMENT_TEAM = Z9UD67WPFX;
				INFOPLIST_FILE = DecorateManager/Info.plist;
				LD_RUNPATH_SEARCH_PATHS = "$(inherited) @executable_path/Frameworks";
				PRODUCT_BUNDLE_IDENTIFIER = GMJK.DecorateManager;
				PRODUCT_NAME = "$(TARGET_NAME)";
				SWIFT_VERSION = 3.0;
			};
			name = Release;
		};
		4A4EAC101E4C4E6A005BA0B6 /* Debug */ = {
			isa = XCBuildConfiguration;
			buildSettings = {
				ALWAYS_EMBED_SWIFT_STANDARD_LIBRARIES = YES;
				BUNDLE_LOADER = "$(TEST_HOST)";
				DEVELOPMENT_TEAM = Z9UD67WPFX;
				INFOPLIST_FILE = DecorateManagerTests/Info.plist;
				LD_RUNPATH_SEARCH_PATHS = "$(inherited) @executable_path/Frameworks @loader_path/Frameworks";
				PRODUCT_BUNDLE_IDENTIFIER = GMJK.DecorateManagerTests;
				PRODUCT_NAME = "$(TARGET_NAME)";
				SWIFT_VERSION = 3.0;
				TEST_HOST = "$(BUILT_PRODUCTS_DIR)/DecorateManager.app/DecorateManager";
			};
			name = Debug;
		};
		4A4EAC111E4C4E6A005BA0B6 /* Release */ = {
			isa = XCBuildConfiguration;
			buildSettings = {
				ALWAYS_EMBED_SWIFT_STANDARD_LIBRARIES = YES;
				BUNDLE_LOADER = "$(TEST_HOST)";
				DEVELOPMENT_TEAM = Z9UD67WPFX;
				INFOPLIST_FILE = DecorateManagerTests/Info.plist;
				LD_RUNPATH_SEARCH_PATHS = "$(inherited) @executable_path/Frameworks @loader_path/Frameworks";
				PRODUCT_BUNDLE_IDENTIFIER = GMJK.DecorateManagerTests;
				PRODUCT_NAME = "$(TARGET_NAME)";
				SWIFT_VERSION = 3.0;
				TEST_HOST = "$(BUILT_PRODUCTS_DIR)/DecorateManager.app/DecorateManager";
			};
			name = Release;
		};
		4A4EAC131E4C4E6A005BA0B6 /* Debug */ = {
			isa = XCBuildConfiguration;
			buildSettings = {
				ALWAYS_EMBED_SWIFT_STANDARD_LIBRARIES = YES;
				DEVELOPMENT_TEAM = Z9UD67WPFX;
				INFOPLIST_FILE = DecorateManagerUITests/Info.plist;
				LD_RUNPATH_SEARCH_PATHS = "$(inherited) @executable_path/Frameworks @loader_path/Frameworks";
				PRODUCT_BUNDLE_IDENTIFIER = GMJK.DecorateManagerUITests;
				PRODUCT_NAME = "$(TARGET_NAME)";
				SWIFT_VERSION = 3.0;
				TEST_TARGET_NAME = DecorateManager;
			};
			name = Debug;
		};
		4A4EAC141E4C4E6A005BA0B6 /* Release */ = {
			isa = XCBuildConfiguration;
			buildSettings = {
				ALWAYS_EMBED_SWIFT_STANDARD_LIBRARIES = YES;
				DEVELOPMENT_TEAM = Z9UD67WPFX;
				INFOPLIST_FILE = DecorateManagerUITests/Info.plist;
				LD_RUNPATH_SEARCH_PATHS = "$(inherited) @executable_path/Frameworks @loader_path/Frameworks";
				PRODUCT_BUNDLE_IDENTIFIER = GMJK.DecorateManagerUITests;
				PRODUCT_NAME = "$(TARGET_NAME)";
				SWIFT_VERSION = 3.0;
				TEST_TARGET_NAME = DecorateManager;
			};
			name = Release;
		};
/* End XCBuildConfiguration section */

/* Begin XCConfigurationList section */
		4A4EABDF1E4C4E6A005BA0B6 /* Build configuration list for PBXProject "DecorateManager" */ = {
			isa = XCConfigurationList;
			buildConfigurations = (
				4A4EAC0A1E4C4E6A005BA0B6 /* Debug */,
				4A4EAC0B1E4C4E6A005BA0B6 /* Release */,
			);
			defaultConfigurationIsVisible = 0;
			defaultConfigurationName = Release;
		};
		4A4EAC0C1E4C4E6A005BA0B6 /* Build configuration list for PBXNativeTarget "DecorateManager" */ = {
			isa = XCConfigurationList;
			buildConfigurations = (
				4A4EAC0D1E4C4E6A005BA0B6 /* Debug */,
				4A4EAC0E1E4C4E6A005BA0B6 /* Release */,
			);
			defaultConfigurationIsVisible = 0;
			defaultConfigurationName = Release;
		};
		4A4EAC0F1E4C4E6A005BA0B6 /* Build configuration list for PBXNativeTarget "DecorateManagerTests" */ = {
			isa = XCConfigurationList;
			buildConfigurations = (
				4A4EAC101E4C4E6A005BA0B6 /* Debug */,
				4A4EAC111E4C4E6A005BA0B6 /* Release */,
			);
			defaultConfigurationIsVisible = 0;
			defaultConfigurationName = Release;
		};
		4A4EAC121E4C4E6A005BA0B6 /* Build configuration list for PBXNativeTarget "DecorateManagerUITests" */ = {
			isa = XCConfigurationList;
			buildConfigurations = (
				4A4EAC131E4C4E6A005BA0B6 /* Debug */,
				4A4EAC141E4C4E6A005BA0B6 /* Release */,
			);
			defaultConfigurationIsVisible = 0;
			defaultConfigurationName = Release;
		};
/* End XCConfigurationList section */
	};
	rootObject = 4A4EABDC1E4C4E6A005BA0B6 /* Project object */;
}
